
Microsoft Visual Studio Solution File, Format Version 12.00
# Visual Studio 15
VisualStudioVersion = 15.0.27130.2027
MinimumVisualStudioVersion = 10.0.40219.1
Project("{FAE04EC0-301F-11D3-BF4B-00C04F79EFBC}") = "Lista doble", "Lista doble\Lista doble.csproj", "{2E469BE3-5D00-4072-B972-DB246B142AEF}"
EndProject
Global
	GlobalSection(SolutionConfigurationPlatforms) = preSolution
		Debug|Any CPU = Debug|Any CPU
		Release|Any CPU = Release|Any CPU
	EndGlobalSection
	GlobalSection(ProjectConfigurationPlatforms) = postSolution
		{2E469BE3-5D00-4072-B972-DB246B142AEF}.Debug|Any CPU.ActiveCfg = Debug|Any CPU
		{2E469BE3-5D00-4072-B972-DB246B142AEF}.Debug|Any CPU.Build.0 = Debug|Any CPU
		{2E469BE3-5D00-4072-B972-DB246B142AEF}.Release|Any CPU.ActiveCfg = Release|Any CPU
		{2E469BE3-5D00-4072-B972-DB246B142AEF}.Release|Any CPU.Build.0 = Release|Any CPU
	EndGlobalSection
	GlobalSection(SolutionProperties) = preSolution
		HideSolutionNode = FALSE
	EndGlobalSection
	GlobalSection(ExtensibilityGlobals) = postSolution
		SolutionGuid = {3C966D5D-DF43-4FBD-AF50-26E0A4A3FD51}
	EndGlobalSection
EndGlobal
